
Microsoft Visual Studio Solution File, Format Version 12.00
# Visual Studio Version 16
VisualStudioVersion = 16.0.30804.86
MinimumVisualStudioVersion = 10.0.40219.1
Project("{FAE04EC0-301F-11D3-BF4B-00C04F79EFBC}") = "ITMO.CSCourse2021.ConsoleTester", "ITMO.CSCourse2021.ConsoleTester\ITMO.CSCourse2021.ConsoleTester.csproj", "{3AC28272-B922-4A1A-BDE8-B6654733716E}"
EndProject
Global
	GlobalSection(SolutionConfigurationPlatforms) = preSolution
		Debug|Any CPU = Debug|Any CPU
		Release|Any CPU = Release|Any CPU
	EndGlobalSection
	GlobalSection(ProjectConfigurationPlatforms) = postSolution
		{3AC28272-B922-4A1A-BDE8-B6654733716E}.Debug|Any CPU.ActiveCfg = Debug|Any CPU
		{3AC28272-B922-4A1A-BDE8-B6654733716E}.Debug|Any CPU.Build.0 = Debug|Any CPU
		{3AC28272-B922-4A1A-BDE8-B6654733716E}.Release|Any CPU.ActiveCfg = Release|Any CPU
		{3AC28272-B922-4A1A-BDE8-B6654733716E}.Release|Any CPU.Build.0 = Release|Any CPU
	EndGlobalSection
	GlobalSection(SolutionProperties) = preSolution
		HideSolutionNode = FALSE
	EndGlobalSection
	GlobalSection(ExtensibilityGlobals) = postSolution
		SolutionGuid = {D2B78BE0-7391-46F2-B0E6-4050799600DE}
	EndGlobalSection
EndGlobal
